[[package]]
name = "customtkinter"
version = "5.1.2"
description = "Create modern looking GUIs with Python"
category = "main"
optional = false
python-versions = ">=3.7"

[package.dependencies]
darkdetect = "*"

[[package]]
name = "darkdetect"
version = "0.8.0"
description = "Detect OS Dark Mode from Python"
category = "main"
optional = false
python-versions = ">=3.6"

[package.extras]
macos-listener = ["pyobjc-framework-cocoa"]

[[package]]
name = "ntplib"
version = "0.4.0"
description = "Python NTP library"
category = "main"
optional = false
python-versions = "*"

[metadata]
lock-version = "1.1"
python-versions = "^3.9"
content-hash = "2ca4d6f56e6b834396ce82f9d71b6111aafee22df4fd8330209a9719ecebc2c6"

[metadata.files]
customtkinter = [
    {file = "customtkinter-5.1.2-py3-none-any.whl", hash = "sha256:30fe0d40f0b43b60177e87013e932377a3ae8bf46921528488ae1adbb0aeafdf"},
    {file = "customtkinter-5.1.2.tar.gz", hash = "sha256:eedaa11edce76b6882a605864a11b4859643ba0f4f456841aad51d89a758d32c"},
]
darkdetect = [
    {file = "darkdetect-0.8.0-py3-none-any.whl", hash = "sha256:a7509ccf517eaad92b31c214f593dbcf138ea8a43b2935406bbd565e15527a85"},
    {file = "darkdetect-0.8.0.tar.gz", hash = "sha256:b5428e1170263eb5dea44c25dc3895edd75e6f52300986353cd63533fe7df8b1"},
]
ntplib = [
    {file = "ntplib-0.4.0-py2.py3-none-any.whl", hash = "sha256:8d27375329ed7ff38755f7b6d4658b28edc147cadf40338a63a0da8133469d60"},
    {file = "ntplib-0.4.0.tar.gz", hash = "sha256:899d8fb5f8c2555213aea95efca02934c7343df6ace9d7628a5176b176906267"},
]
